
Microsoft Visual Studio Solution File, Format Version 12.00
# Visual Studio Version 16
VisualStudioVersion = 16.0.31321.278
MinimumVisualStudioVersion = 10.0.40219.1
Project("{FAE04EC0-301F-11D3-BF4B-00C04F79EFBC}") = "CSBasic5", "CSBasic5\CSBasic5.csproj", "{73C6FF5F-516D-4142-9A65-961648A975C4}"
EndProject
Global
	GlobalSection(SolutionConfigurationPlatforms) = preSolution
		Debug|Any CPU = Debug|Any CPU
		Release|Any CPU = Release|Any CPU
	EndGlobalSection
	GlobalSection(ProjectConfigurationPlatforms) = postSolution
		{73C6FF5F-516D-4142-9A65-961648A975C4}.Debug|Any CPU.ActiveCfg = Debug|Any CPU
		{73C6FF5F-516D-4142-9A65-961648A975C4}.Debug|Any CPU.Build.0 = Debug|Any CPU
		{73C6FF5F-516D-4142-9A65-961648A975C4}.Release|Any CPU.ActiveCfg = Release|Any CPU
		{73C6FF5F-516D-4142-9A65-961648A975C4}.Release|Any CPU.Build.0 = Release|Any CPU
	EndGlobalSection
	GlobalSection(SolutionProperties) = preSolution
		HideSolutionNode = FALSE
	EndGlobalSection
	GlobalSection(ExtensibilityGlobals) = postSolution
		SolutionGuid = {1E505D3C-4078-4D70-B040-00220712CB3D}
	EndGlobalSection
EndGlobal
